
Microsoft Visual Studio Solution File, Format Version 12.00
Project("{FAE04EC0-301F-11D3-BF4B-00C04F79EFBC}") = "API_Net10", "API_Net10\API_Net10.csproj", "{B493506D-53C7-4AFB-8781-64E13E1357FE}"
EndProject
Global
	GlobalSection(SolutionConfigurationPlatforms) = preSolution
		Debug|Any CPU = Debug|Any CPU
		Release|Any CPU = Release|Any CPU
	EndGlobalSection
	GlobalSection(ProjectConfigurationPlatforms) = postSolution
		{B493506D-53C7-4AFB-8781-64E13E1357FE}.Debug|Any CPU.ActiveCfg = Debug|Any CPU
		{B493506D-53C7-4AFB-8781-64E13E1357FE}.Debug|Any CPU.Build.0 = Debug|Any CPU
		{B493506D-53C7-4AFB-8781-64E13E1357FE}.Release|Any CPU.ActiveCfg = Release|Any CPU
		{B493506D-53C7-4AFB-8781-64E13E1357FE}.Release|Any CPU.Build.0 = Release|Any CPU
	EndGlobalSection
EndGlobal
